
Microsoft Visual Studio Solution File, Format Version 12.00
# Visual Studio Version 17
VisualStudioVersion = 17.0.31919.166
MinimumVisualStudioVersion = 10.0.40219.1
Project("{FAE04EC0-301F-11D3-BF4B-00C04F79EFBC}") = "Zadanie1", "Zadanie1\Zadanie1.csproj", "{FD57B2E7-82B9-4A89-85C0-0FAFF9C9B78B}"
EndProject
Global
	GlobalSection(SolutionConfigurationPlatforms) = preSolution
		Debug|Any CPU = Debug|Any CPU
		Release|Any CPU = Release|Any CPU
	EndGlobalSection
	GlobalSection(ProjectConfigurationPlatforms) = postSolution
		{FD57B2E7-82B9-4A89-85C0-0FAFF9C9B78B}.Debug|Any CPU.ActiveCfg = Debug|Any CPU
		{FD57B2E7-82B9-4A89-85C0-0FAFF9C9B78B}.Debug|Any CPU.Build.0 = Debug|Any CPU
		{FD57B2E7-82B9-4A89-85C0-0FAFF9C9B78B}.Release|Any CPU.ActiveCfg = Release|Any CPU
		{FD57B2E7-82B9-4A89-85C0-0FAFF9C9B78B}.Release|Any CPU.Build.0 = Release|Any CPU
	EndGlobalSection
	GlobalSection(SolutionProperties) = preSolution
		HideSolutionNode = FALSE
	EndGlobalSection
	GlobalSection(ExtensibilityGlobals) = postSolution
		SolutionGuid = {D36A24AC-B96C-4F79-AD49-28D5E9D4C066}
	EndGlobalSection
EndGlobal
