
Microsoft Visual Studio Solution File, Format Version 12.00
# Visual Studio Version 17
VisualStudioVersion = 17.0.31919.166
MinimumVisualStudioVersion = 10.0.40219.1
Project("{FAE04EC0-301F-11D3-BF4B-00C04F79EFBC}") = "Zadanie1", "Zadanie1\Zadanie1.csproj", "{78012AAE-E0B1-4A93-9496-4BA63F510278}"
EndProject
Global
	GlobalSection(SolutionConfigurationPlatforms) = preSolution
		Debug|Any CPU = Debug|Any CPU
		Release|Any CPU = Release|Any CPU
	EndGlobalSection
	GlobalSection(ProjectConfigurationPlatforms) = postSolution
		{78012AAE-E0B1-4A93-9496-4BA63F510278}.Debug|Any CPU.ActiveCfg = Debug|Any CPU
		{78012AAE-E0B1-4A93-9496-4BA63F510278}.Debug|Any CPU.Build.0 = Debug|Any CPU
		{78012AAE-E0B1-4A93-9496-4BA63F510278}.Release|Any CPU.ActiveCfg = Release|Any CPU
		{78012AAE-E0B1-4A93-9496-4BA63F510278}.Release|Any CPU.Build.0 = Release|Any CPU
	EndGlobalSection
	GlobalSection(SolutionProperties) = preSolution
		HideSolutionNode = FALSE
	EndGlobalSection
	GlobalSection(ExtensibilityGlobals) = postSolution
		SolutionGuid = {66E4BD29-5FAC-4009-9B56-2DAAB7807AF6}
	EndGlobalSection
EndGlobal
